lockfileVersion: 5.3

specifiers:
  hast-util-sanitize: ^4.0.0
  hast-util-to-html: ^8.0.0
  mdast-util-to-hast: ^11.1.1
  remark: ^13.0.0
  remark-html: ^13.0.1
  remark-rehype: ^8.1.0
  truncate-html: ^1.0.4
  unist-util-visit: ^3.1.0
  unist-util-visit-parents: ^4.1.1

dependencies:
  unist-util-visit: 3.1.0
  unist-util-visit-parents: 4.1.1

devDependencies:
  hast-util-sanitize: 4.0.0
  hast-util-to-html: 8.0.0
  mdast-util-to-hast: 11.1.1
  remark: 13.0.0
  remark-html: 13.0.1
  remark-rehype: 8.1.0
  truncate-html: 1.0.4

packages:

  /@types/cheerio/0.22.30:
    resolution: {integrity: sha512-t7ZVArWZlq3dFa9Yt33qFBQIK4CQd1Q3UJp0V+UhP6vgLWLM6Qug7vZuRSGXg45zXeB1Fm5X2vmBkEX58LV2Tw==}
    dependencies:
      '@types/node': 16.3.0
    dev: true

  /@types/hast/2.3.2:
    resolution: {integrity: sha512-Op5W7jYgZI7AWKY5wQ0/QNMzQM7dGQPyW1rXKNiymVCy5iTfdPuGu4HhYNOM2sIv8gUfIuIdcYlXmAepwaowow==}
    dependencies:
      '@types/unist': 2.0.5
    dev: true

  /@types/mdast/3.0.4:
    resolution: {integrity: sha512-gIdhbLDFlspL53xzol2hVzrXAbzt71erJHoOwQZWssjaiouOotf03lNtMmFm9VfFkvnLWccSVjUAZGQ5Kqw+jA==}
    dependencies:
      '@types/unist': 2.0.5
    dev: true

  /@types/mdurl/1.0.2:
    resolution: {integrity: sha512-eC4U9MlIcu2q0KQmXszyn5Akca/0jrQmwDRgpAMJai7qBWq4amIQhZyNau4VYGtCeALvW1/NtjzJJ567aZxfKA==}
    dev: true

  /@types/node/16.3.0:
    resolution: {integrity: sha512-OydMCocGMGqw/1BnWbhtK+AtwyWTOigtrQlRe57OQmTNcI3HKlVI5FGlh+c4mSqInMPLynFrTlYjfajPu9O/eQ==}
    dev: true

  /@types/unist/2.0.5:
    resolution: {integrity: sha512-wnra4Vw9dopnuybR6HBywJ/URYpYrKLoepBTEtgfJup8Ahoi2zJECPP2cwiXp7btTvOT2CULv87aQRA4eZSP6g==}

  /bail/1.0.5:
    resolution: {integrity: sha512-xFbRxM1tahm08yHBP16MMjVUAvDaBMD38zsM9EMAUN61omwLmKlOpB/Zku5QkjZ8TZ4vn53pj+t518cH0S03RQ==}
    dev: true

  /boolbase/1.0.0:
    resolution: {integrity: sha1-aN/1++YMUes3cl6p4+0xDcwed24=}
    dev: true

  /ccount/1.1.0:
    resolution: {integrity: sha512-vlNK021QdI7PNeiUh/lKkC/mNHHfV0m/Ad5JoI0TYtlBnJAslM/JIkm/tGC88bkLIwO6OQ5uV6ztS6kVAtCDlg==}
    dev: true

  /ccount/2.0.0:
    resolution: {integrity: sha512-VOR0NWFYX65n9gELQdcpqsie5L5ihBXuZGAgaPEp/U7IOSjnPMEH6geE+2f6lcekaNEfWzAHS45mPvSo5bqsUA==}
    dev: true

  /character-entities-html4/1.1.4:
    resolution: {integrity: sha512-HRcDxZuZqMx3/a+qrzxdBKBPUpxWEq9xw2OPZ3a/174ihfrQKVsFhqtthBInFy1zZ9GgZyFXOatNujm8M+El3g==}
    dev: true

  /character-entities-html4/2.0.0:
    resolution: {integrity: sha512-dwT2xh5ZhUAjyP96k57ilMKoTQyASaw9IAMR9U5c1lCu2RUni6O6jxfpUEdO2RcPT6TJFvr8pqsbami4Jk+2oA==}
    dev: true

  /character-entities-legacy/1.1.4:
    resolution: {integrity: sha512-3Xnr+7ZFS1uxeiUDvV02wQ+QDbc55o97tIV5zHScSPJpcLm/r0DFPcoY3tYRp+VZukxuMeKgXYmsXQHO05zQeA==}
    dev: true

  /character-entities-legacy/2.0.0:
    resolution: {integrity: sha512-YwaEtEvWLpFa6Wh3uVLrvirA/ahr9fki/NUd/Bd4OR6EdJ8D22hovYQEOUCBfQfcqnC4IAMGMsHXY1eXgL4ZZA==}
    dev: true

  /character-entities/1.2.4:
    resolution: {integrity: sha512-iBMyeEHxfVnIakwOuDXpVkc54HijNgCyQB2w0VfGQThle6NXn50zU6V/u+LDhxHcDUPojn6Kpga3PTAD8W1bQw==}
    dev: true

  /character-reference-invalid/1.1.4:
    resolution: {integrity: sha512-mKKUkUbhPpQlCOfIuZkvSEgktjPFIsZKRRbC6KWVEMvlzblj3i3asQv5ODsrwt0N3pHAEvjP8KTQPHkp0+6jOg==}
    dev: true

  /cheerio/0.22.0:
    resolution: {integrity: sha1-qbqoYKP5tZWmuBsahocxIe06Jp4=}
    engines: {node: '>= 0.6'}
    dependencies:
      css-select: 1.2.0
      dom-serializer: 0.1.1
      entities: 1.1.2
      htmlparser2: 3.10.1
      lodash.assignin: 4.2.0
      lodash.bind: 4.2.1
      lodash.defaults: 4.2.0
      lodash.filter: 4.6.0
      lodash.flatten: 4.4.0
      lodash.foreach: 4.5.0
      lodash.map: 4.6.0
      lodash.merge: 4.6.2
      lodash.pick: 4.4.0
      lodash.reduce: 4.6.0
      lodash.reject: 4.6.0
      lodash.some: 4.6.0
    dev: true

  /comma-separated-tokens/1.0.8:
    resolution: {integrity: sha512-GHuDRO12Sypu2cV70d1dkA2EUmXHgntrzbpvOB+Qy+49ypNfGgFQIC2fhhXbnyrJRynDCAARsT7Ou0M6hirpfw==}
    dev: true

  /comma-separated-tokens/2.0.2:
    resolution: {integrity: sha512-G5yTt3KQN4Yn7Yk4ed73hlZ1evrFKXeUW3086p3PRFNp7m2vIjI6Pg+Kgb+oyzhd9F2qdcoj67+y3SdxL5XWsg==}
    dev: true

  /css-select/1.2.0:
    resolution: {integrity: sha1-KzoRBTnFNV8c2NMUYj6HCxIeyFg=}
    dependencies:
      boolbase: 1.0.0
      css-what: 2.1.3
      domutils: 1.5.1
      nth-check: 1.0.2
    dev: true

  /css-what/2.1.3:
    resolution: {integrity: sha512-a+EPoD+uZiNfh+5fxw2nO9QwFa6nJe2Or35fGY6Ipw1R3R4AGz1d1TEZrCegvw2YTmZ0jXirGYlzxxpYSHwpEg==}
    dev: true

  /debug/4.3.2:
    resolution: {integrity: sha512-mOp8wKcvj7XxC78zLgw/ZA+6TSgkoE2C/ienthhRD298T7UNwAg9diBpLRxC0mOezLl4B0xV7M0cCO6P/O0Xhw==}
    engines: {node: '>=6.0'}
    peerDependencies:
      supports-color: '*'
    peerDependenciesMeta:
      supports-color:
        optional: true
    dependencies:
      ms: 2.1.2
    dev: true

  /dom-serializer/0.1.1:
    resolution: {integrity: sha512-l0IU0pPzLWSHBcieZbpOKgkIn3ts3vAh7ZuFyXNwJxJXk/c4Gwj9xaTJwIDVQCXawWD0qb3IzMGH5rglQaO0XA==}
    dependencies:
      domelementtype: 1.3.1
      entities: 1.1.2
    dev: true

  /domelementtype/1.3.1:
    resolution: {integrity: sha512-BSKB+TSpMpFI/HOxCNr1O8aMOTZ8hT3pM3GQ0w/mWRmkhEDSFJkkyzz4XQsBV44BChwGkrDfMyjVD0eA2aFV3w==}
    dev: true

  /domhandler/2.4.2:
    resolution: {integrity: sha512-JiK04h0Ht5u/80fdLMCEmV4zkNh2BcoMFBmZ/91WtYZ8qVXSKjiw7fXMgFPnHcSZgOo3XdinHvmnDUeMf5R4wA==}
    dependencies:
      domelementtype: 1.3.1
    dev: true

  /domutils/1.5.1:
    resolution: {integrity: sha1-3NhIiib1Y9YQeeSMn3t+Mjc2gs8=}
    dependencies:
      dom-serializer: 0.1.1
      domelementtype: 1.3.1
    dev: true

  /domutils/1.7.0:
    resolution: {integrity: sha512-Lgd2XcJ/NjEw+7tFvfKxOzCYKZsdct5lczQ2ZaQY8Djz7pfAD3Gbp8ySJWtreII/vDlMVmxwa6pHmdxIYgttDg==}
    dependencies:
      dom-serializer: 0.1.1
      domelementtype: 1.3.1
    dev: true

  /entities/1.1.2:
    resolution: {integrity: sha512-f2LZMYl1Fzu7YSBKg+RoROelpOaNrcGmE9AZubeDfrCEia483oW4MI4VyFd5VNHIgQ/7qm1I0wUHK1eJnn2y2w==}
    dev: true

  /extend/3.0.2:
    resolution: {integrity: sha512-fjquC59cD7CyW6urNXK0FBufkZcoiGG80wTuPujX590cB5Ttln20E2UB4S/WARVqhXffZl2LNgS+gQdPIIim/g==}
    dev: true

  /hast-util-is-element/1.1.0:
    resolution: {integrity: sha512-oUmNua0bFbdrD/ELDSSEadRVtWZOf3iF6Lbv81naqsIV99RnSCieTbWuWCY8BAeEfKJTKl0gRdokv+dELutHGQ==}
    dev: true

  /hast-util-is-element/2.1.0:
    resolution: {integrity: sha512-tg5yLbnC4TYONeeHIF7n0Jtstp+4J0bcBFn+R6wYoZzeHSIp5sl9ApfqGI2mxKtEXi4DEhTssPli6ppGl5PGqg==}
    dependencies:
      '@types/hast': 2.3.2
      '@types/unist': 2.0.5
    dev: true

  /hast-util-sanitize/3.0.2:
    resolution: {integrity: sha512-+2I0x2ZCAyiZOO/sb4yNLFmdwPBnyJ4PBkVTUMKMqBwYNA+lXSgOmoRXlJFazoyid9QPogRRKgKhVEodv181sA==}
    dependencies:
      xtend: 4.0.2
    dev: true

  /hast-util-sanitize/4.0.0:
    resolution: {integrity: sha512-pw56+69jq+QSr/coADNvWTmBPDy+XsmwaF5KnUys4/wM1jt/fZdl7GPxhXXXYdXnz3Gj3qMkbUCH2uKjvX0MgQ==}
    dependencies:
      '@types/hast': 2.3.2
    dev: true

  /hast-util-to-html/7.1.3:
    resolution: {integrity: sha512-yk2+1p3EJTEE9ZEUkgHsUSVhIpCsL/bvT8E5GzmWc+N1Po5gBw+0F8bo7dpxXR0nu0bQVxVZGX2lBGF21CmeDw==}
    dependencies:
      ccount: 1.1.0
      comma-separated-tokens: 1.0.8
      hast-util-is-element: 1.1.0
      hast-util-whitespace: 1.0.4
      html-void-elements: 1.0.5
      property-information: 5.6.0
      space-separated-tokens: 1.1.5
      stringify-entities: 3.1.0
      unist-util-is: 4.1.0
      xtend: 4.0.2
    dev: true

  /hast-util-to-html/8.0.0:
    resolution: {integrity: sha512-zgAl1RHlOxSoQ7wY0j4x9CF5vcgE3+l1Ru1MhskEgaWJKD09Z3zozfeGX4rVZWQKfRx/heAjMKA3InJCZzm/JQ==}
    dependencies:
      '@types/hast': 2.3.2
      ccount: 2.0.0
      comma-separated-tokens: 2.0.2
      hast-util-is-element: 2.1.0
      hast-util-whitespace: 2.0.0
      html-void-elements: 2.0.0
      property-information: 6.0.1
      space-separated-tokens: 2.0.1
      stringify-entities: 4.0.1
      unist-util-is: 5.1.0
    dev: true

  /hast-util-whitespace/1.0.4:
    resolution: {integrity: sha512-I5GTdSfhYfAPNztx2xJRQpG8cuDSNt599/7YUn7Gx/WxNMsG+a835k97TDkFgk123cwjfwINaZknkKkphx/f2A==}
    dev: true

  /hast-util-whitespace/2.0.0:
    resolution: {integrity: sha512-Pkw+xBHuV6xFeJprJe2BBEoDV+AvQySaz3pPDRUs5PNZEMQjpXJJueqrpcHIXxnWTcAGi/UOCgVShlkY6kLoqg==}
    dev: true

  /html-void-elements/1.0.5:
    resolution: {integrity: sha512-uE/TxKuyNIcx44cIWnjr/rfIATDH7ZaOMmstu0CwhFG1Dunhlp4OC6/NMbhiwoq5BpW0ubi303qnEk/PZj614w==}
    dev: true

  /html-void-elements/2.0.0:
    resolution: {integrity: sha512-4OYzQQsBt0G9bJ/nM9/DDsjm4+fVdzAaPJJcWk5QwA3GIAPxQEeOR0rsI8HbDHQz5Gta8pVvGnnTNSbZVEVvkQ==}
    dev: true

  /htmlparser2/3.10.1:
    resolution: {integrity: sha512-IgieNijUMbkDovyoKObU1DUhm1iwNYE/fuifEoEHfd1oZKZDaONBSkal7Y01shxsM49R4XaMdGez3WnF9UfiCQ==}
    dependencies:
      domelementtype: 1.3.1
      domhandler: 2.4.2
      domutils: 1.7.0
      entities: 1.1.2
      inherits: 2.0.4
      readable-stream: 3.6.0
    dev: true

  /inherits/2.0.4:
    resolution: {integrity: sha512-k/vGaX4/Yla3WzyMCvTQOXYeIHvqOKtnqBduzTHpzpQZzAskKMhZ2K+EnBiSM9zGSoIFeMpXKxa4dYeZIQqewQ==}
    dev: true

  /is-alphabetical/1.0.4:
    resolution: {integrity: sha512-DwzsA04LQ10FHTZuL0/grVDk4rFoVH1pjAToYwBrHSxcrBIGQuXrQMtD5U1b0U2XVgKZCTLLP8u2Qxqhy3l2Vg==}
    dev: true

  /is-alphanumerical/1.0.4:
    resolution: {integrity: sha512-UzoZUr+XfVz3t3v4KyGEniVL9BDRoQtY7tOyrRybkVNjDFWyo1yhXNGrrBTQxp3ib9BLAWs7k2YKBQsFRkZG9A==}
    dependencies:
      is-alphabetical: 1.0.4
      is-decimal: 1.0.4
    dev: true

  /is-buffer/2.0.5:
    resolution: {integrity: sha512-i2R6zNFDwgEHJyQUtJEk0XFi1i0dPFn/oqjK3/vPCcDeJvW5NQ83V8QbicfF1SupOaB0h8ntgBC2YiE7dfyctQ==}
    engines: {node: '>=4'}
    dev: true

  /is-decimal/1.0.4:
    resolution: {integrity: sha512-RGdriMmQQvZ2aqaQq3awNA6dCGtKpiDFcOzrTWrDAT2MiWrKQVPmxLGHl7Y2nNu6led0kEyoX0enY0qXYsv9zw==}
    dev: true

  /is-hexadecimal/1.0.4:
    resolution: {integrity: sha512-gyPJuv83bHMpocVYoqof5VDiZveEoGoFL8m3BXNb2VW8Xs+rz9kqO8LOQ5DH6EsuvilT1ApazU0pyl+ytbPtlw==}
    dev: true

  /is-plain-obj/2.1.0:
    resolution: {integrity: sha512-YWnfyRwxL/+SsrWYfOpUtz5b3YD+nyfkHvjbcanzk8zgyO4ASD67uVMRt8k5bM4lLMDnXfriRhOpemw+NfT1eA==}
    engines: {node: '>=8'}
    dev: true

  /lodash.assignin/4.2.0:
    resolution: {integrity: sha1-uo31+4QesKPoBEIysOJjqNxqKKI=}
    dev: true

  /lodash.bind/4.2.1:
    resolution: {integrity: sha1-euMBfpOWIqwxt9fX3LGzTbFpDTU=}
    dev: true

  /lodash.defaults/4.2.0:
    resolution: {integrity: sha1-0JF4cW/+pN3p5ft7N/bwgCJ0WAw=}
    dev: true

  /lodash.filter/4.6.0:
    resolution: {integrity: sha1-ZosdSYFgOuHMWm+nYBQ+SAtMSs4=}
    dev: true

  /lodash.flatten/4.4.0:
    resolution: {integrity: sha1-8xwiIlqWMtK7+OSt2+8kCqdlph8=}
    dev: true

  /lodash.foreach/4.5.0:
    resolution: {integrity: sha1-Gmo16s5AEoDH8G3d7DUWWrJ+PlM=}
    dev: true

  /lodash.map/4.6.0:
    resolution: {integrity: sha1-dx7Hg540c9nEzeKLGTlMNWL09tM=}
    dev: true

  /lodash.merge/4.6.2:
    resolution: {integrity: sha512-0KpjqXRVvrYyCsX1swR/XTK0va6VQkQM6MNo7PqW77ByjAhoARA8EfrP1N4+KlKj8YS0ZUCtRT/YUuhyYDujIQ==}
    dev: true

  /lodash.pick/4.4.0:
    resolution: {integrity: sha1-UvBWEP/53tQiYRRB7R/BI6AwAbM=}
    dev: true

  /lodash.reduce/4.6.0:
    resolution: {integrity: sha1-8atrg5KZrUj3hKu/R2WW8DuRTTs=}
    dev: true

  /lodash.reject/4.6.0:
    resolution: {integrity: sha1-gNZJLcFHCGS79YNTO2UfQqn1JBU=}
    dev: true

  /lodash.some/4.6.0:
    resolution: {integrity: sha1-G7nzFO9ri63tE7VJFpsqlF62jk0=}
    dev: true

  /longest-streak/2.0.4:
    resolution: {integrity: sha512-vM6rUVCVUJJt33bnmHiZEvr7wPT78ztX7rojL+LW51bHtLh6HTjx84LA5W4+oa6aKEJA7jJu5LR6vQRBpA5DVg==}
    dev: true

  /mdast-util-definitions/4.0.0:
    resolution: {integrity: sha512-k8AJ6aNnUkB7IE+5azR9h81O5EQ/cTDXtWdMq9Kk5KcEW/8ritU5CeLg/9HhOC++nALHBlaogJ5jz0Ybk3kPMQ==}
    dependencies:
      unist-util-visit: 2.0.3
    dev: true

  /mdast-util-definitions/5.0.0:
    resolution: {integrity: sha512-TECPwsQ3xAFs+uFoZxN6HNrU46KK+Ct2j2KQbZA5JEYtxpFGOOW4U04p7b/jLuoRh+wYw/Iu83cIZxPdOOP0Bw==}
    dependencies:
      '@types/mdast': 3.0.4
      '@types/unist': 2.0.5
      unist-util-visit: 3.1.0
    dev: true

  /mdast-util-from-markdown/0.8.5:
    resolution: {integrity: sha512-2hkTXtYYnr+NubD/g6KGBS/0mFmBcifAsI0yIWRiRo0PjVs6SSOSOdtzbp6kSGnShDN6G5aWZpKQ2lWRy27mWQ==}
    dependencies:
      '@types/mdast': 3.0.4
      mdast-util-to-string: 2.0.0
      micromark: 2.11.4
      parse-entities: 2.0.0
      unist-util-stringify-position: 2.0.3
    transitivePeerDependencies:
      - supports-color
    dev: true

  /mdast-util-to-hast/10.2.0:
    resolution: {integrity: sha512-JoPBfJ3gBnHZ18icCwHR50orC9kNH81tiR1gs01D8Q5YpV6adHNO9nKNuFBCJQ941/32PT1a63UF/DitmS3amQ==}
    dependencies:
      '@types/mdast': 3.0.4
      '@types/unist': 2.0.5
      mdast-util-definitions: 4.0.0
      mdurl: 1.0.1
      unist-builder: 2.0.3
      unist-util-generated: 1.1.6
      unist-util-position: 3.1.0
      unist-util-visit: 2.0.3
    dev: true

  /mdast-util-to-hast/11.1.1:
    resolution: {integrity: sha512-F6/H+OeYjlGYYgHN8iBYCB2rJaBwEDKbV9mNdqfvGenjP1pdUrZ6joSBHnXZ5CzLF8oE1tH9xf9rJIpZQOx4vg==}
    dependencies:
      '@types/hast': 2.3.2
      '@types/mdast': 3.0.4
      '@types/mdurl': 1.0.2
      '@types/unist': 2.0.5
      mdast-util-definitions: 5.0.0
      mdurl: 1.0.1
      unist-builder: 3.0.0
      unist-util-generated: 2.0.0
      unist-util-position: 4.0.1
      unist-util-visit: 3.1.0
    dev: true

  /mdast-util-to-markdown/0.6.5:
    resolution: {integrity: sha512-XeV9sDE7ZlOQvs45C9UKMtfTcctcaj/pGwH8YLbMHoMOXNNCn2LsqVQOqrF1+/NU8lKDAqozme9SCXWyo9oAcQ==}
    dependencies:
      '@types/unist': 2.0.5
      longest-streak: 2.0.4
      mdast-util-to-string: 2.0.0
      parse-entities: 2.0.0
      repeat-string: 1.6.1
      zwitch: 1.0.5
    dev: true

  /mdast-util-to-string/2.0.0:
    resolution: {integrity: sha512-AW4DRS3QbBayY/jJmD8437V1Gombjf8RSOUCMFBuo5iHi58AGEgVCKQ+ezHkZZDpAQS75hcBMpLqjpJTjtUL7w==}
    dev: true

  /mdurl/1.0.1:
    resolution: {integrity: sha1-/oWy7HWlkDfyrf7BAP1sYBdhFS4=}
    dev: true

  /micromark/2.11.4:
    resolution: {integrity: sha512-+WoovN/ppKolQOFIAajxi7Lu9kInbPxFuTBVEavFcL8eAfVstoc5MocPmqBeAdBOJV00uaVjegzH4+MA0DN/uA==}
    dependencies:
      debug: 4.3.2
      parse-entities: 2.0.0
    transitivePeerDependencies:
      - supports-color
    dev: true

  /ms/2.1.2:
    resolution: {integrity: sha512-sGkPx+VjMtmA6MX27oA4FBFELFCZZ4S4XqeGOXCv68tT+jb3vk/RyaKWP0PTKyWtmLSM0b+adUTEvbs1PEaH2w==}
    dev: true

  /nth-check/1.0.2:
    resolution: {integrity: sha512-WeBOdju8SnzPN5vTUJYxYUxLeXpCaVP5i5e0LF8fg7WORF2Wd7wFX/pk0tYZk7s8T+J7VLy0Da6J1+wCT0AtHg==}
    dependencies:
      boolbase: 1.0.0
    dev: true

  /parse-entities/2.0.0:
    resolution: {integrity: sha512-kkywGpCcRYhqQIchaWqZ875wzpS/bMKhz5HnN3p7wveJTkTtyAB/AlnS0f8DFSqYW1T82t6yEAkEcB+A1I3MbQ==}
    dependencies:
      character-entities: 1.2.4
      character-entities-legacy: 1.1.4
      character-reference-invalid: 1.1.4
      is-alphanumerical: 1.0.4
      is-decimal: 1.0.4
      is-hexadecimal: 1.0.4
    dev: true

  /property-information/5.6.0:
    resolution: {integrity: sha512-YUHSPk+A30YPv+0Qf8i9Mbfe/C0hdPXk1s1jPVToV8pk8BQtpw10ct89Eo7OWkutrwqvT0eicAxlOg3dOAu8JA==}
    dependencies:
      xtend: 4.0.2
    dev: true

  /property-information/6.0.1:
    resolution: {integrity: sha512-F4WUUAF7fMeF4/JUFHNBWDaKDXi2jbvqBW/y6o5wsf3j19wTZ7S60TmtB5HoBhtgw7NKQRMWuz5vk2PR0CygUg==}
    dev: true

  /readable-stream/3.6.0:
    resolution: {integrity: sha512-BViHy7LKeTz4oNnkcLJ+lVSL6vpiFeX6/d3oSH8zCW7UxP2onchk+vTGB143xuFjHS3deTgkKoXXymXqymiIdA==}
    engines: {node: '>= 6'}
    dependencies:
      inherits: 2.0.4
      string_decoder: 1.3.0
      util-deprecate: 1.0.2
    dev: true

  /remark-html/13.0.1:
    resolution: {integrity: sha512-K5KQCXWVz+harnyC+UVM/J9eJWCgjYRqFeZoZf2NgP0iFbuuw/RgMZv3MA34b/OEpGnstl3oiOUtZzD3tJ+CBw==}
    dependencies:
      hast-util-sanitize: 3.0.2
      hast-util-to-html: 7.1.3
      mdast-util-to-hast: 10.2.0
    dev: true

  /remark-parse/9.0.0:
    resolution: {integrity: sha512-geKatMwSzEXKHuzBNU1z676sGcDcFoChMK38TgdHJNAYfFtsfHDQG7MoJAjs6sgYMqyLduCYWDIWZIxiPeafEw==}
    dependencies:
      mdast-util-from-markdown: 0.8.5
    transitivePeerDependencies:
      - supports-color
    dev: true

  /remark-rehype/8.1.0:
    resolution: {integrity: sha512-EbCu9kHgAxKmW1yEYjx3QafMyGY3q8noUbNUI5xyKbaFP89wbhDrKxyIQNukNYthzjNHZu6J7hwFg7hRm1svYA==}
    dependencies:
      mdast-util-to-hast: 10.2.0
    dev: true

  /remark-stringify/9.0.1:
    resolution: {integrity: sha512-mWmNg3ZtESvZS8fv5PTvaPckdL4iNlCHTt8/e/8oN08nArHRHjNZMKzA/YW3+p7/lYqIw4nx1XsjCBo/AxNChg==}
    dependencies:
      mdast-util-to-markdown: 0.6.5
    dev: true

  /remark/13.0.0:
    resolution: {integrity: sha512-HDz1+IKGtOyWN+QgBiAT0kn+2s6ovOxHyPAFGKVE81VSzJ+mq7RwHFledEvB5F1p4iJvOah/LOKdFuzvRnNLCA==}
    dependencies:
      remark-parse: 9.0.0
      remark-stringify: 9.0.1
      unified: 9.2.1
    transitivePeerDependencies:
      - supports-color
    dev: true

  /repeat-string/1.6.1:
    resolution: {integrity: sha1-jcrkcOHIirwtYA//Sndihtp15jc=}
    engines: {node: '>=0.10'}
    dev: true

  /safe-buffer/5.2.1:
    resolution: {integrity: sha512-rp3So07KcdmmKbGvgaNxQSJr7bGVSVk5S9Eq1F+ppbRo70+YeaDxkw5Dd8NPN+GD6bjnYm2VuPuCXmpuYvmCXQ==}
    dev: true

  /space-separated-tokens/1.1.5:
    resolution: {integrity: sha512-q/JSVd1Lptzhf5bkYm4ob4iWPjx0KiRe3sRFBNrVqbJkFaBm5vbbowy1mymoPNLRa52+oadOhJ+K49wsSeSjTA==}
    dev: true

  /space-separated-tokens/2.0.1:
    resolution: {integrity: sha512-ekwEbFp5aqSPKaqeY1PGrlGQxPNaq+Cnx4+bE2D8sciBQrHpbwoBbawqTN2+6jPs9IdWxxiUcN0K2pkczD3zmw==}
    dev: true

  /string_decoder/1.3.0:
    resolution: {integrity: sha512-hkRX8U1WjJFd8LsDJ2yQ/wWWxaopEsABU1XfkM8A+j0+85JAGppt16cr1Whg6KIbb4okU6Mql6BOj+uup/wKeA==}
    dependencies:
      safe-buffer: 5.2.1
    dev: true

  /stringify-entities/3.1.0:
    resolution: {integrity: sha512-3FP+jGMmMV/ffZs86MoghGqAoqXAdxLrJP4GUdrDN1aIScYih5tuIO3eF4To5AJZ79KDZ8Fpdy7QJnK8SsL1Vg==}
    dependencies:
      character-entities-html4: 1.1.4
      character-entities-legacy: 1.1.4
      xtend: 4.0.2
    dev: true

  /stringify-entities/4.0.1:
    resolution: {integrity: sha512-gmMQxKXPWIO3NXNSPyWNhlYcBNGpPA/487D+9dLPnU4xBnIrnHdr8cv5rGJOS/1BRxEXRb7uKwg7BA36IWV7xg==}
    dependencies:
      character-entities-html4: 2.0.0
      character-entities-legacy: 2.0.0
    dev: true

  /trough/1.0.5:
    resolution: {integrity: sha512-rvuRbTarPXmMb79SmzEp8aqXNKcK+y0XaB298IXueQ8I2PsrATcPBCSPyK/dDNa2iWOhKlfNnOjdAOTBU/nkFA==}
    dev: true

  /truncate-html/1.0.4:
    resolution: {integrity: sha512-FpDAlPzpJ3jlZiNEahRs584FS3jOSQafgj4cC9DmAYPct6uMZDLY625+eErRd43G35vGDrNq3i7b4aYUQ/Bxqw==}
    dependencies:
      '@types/cheerio': 0.22.30
      cheerio: 0.22.0
    dev: true

  /unified/9.2.1:
    resolution: {integrity: sha512-juWjuI8Z4xFg8pJbnEZ41b5xjGUWGHqXALmBZ3FC3WX0PIx1CZBIIJ6mXbYMcf6Yw4Fi0rFUTA1cdz/BglbOhA==}
    dependencies:
      bail: 1.0.5
      extend: 3.0.2
      is-buffer: 2.0.5
      is-plain-obj: 2.1.0
      trough: 1.0.5
      vfile: 4.2.1
    dev: true

  /unist-builder/2.0.3:
    resolution: {integrity: sha512-f98yt5pnlMWlzP539tPc4grGMsFaQQlP/vM396b00jngsiINumNmsY8rkXjfoi1c6QaM8nQ3vaGDuoKWbe/1Uw==}
    dev: true

  /unist-builder/3.0.0:
    resolution: {integrity: sha512-GFxmfEAa0vi9i5sd0R2kcrI9ks0r82NasRq5QHh2ysGngrc6GiqD5CDf1FjPenY4vApmFASBIIlk/jj5J5YbmQ==}
    dependencies:
      '@types/unist': 2.0.5
    dev: true

  /unist-util-generated/1.1.6:
    resolution: {integrity: sha512-cln2Mm1/CZzN5ttGK7vkoGw+RZ8VcUH6BtGbq98DDtRGquAAOXig1mrBQYelOwMXYS8rK+vZDyyojSjp7JX+Lg==}
    dev: true

  /unist-util-generated/2.0.0:
    resolution: {integrity: sha512-TiWE6DVtVe7Ye2QxOVW9kqybs6cZexNwTwSMVgkfjEReqy/xwGpAXb99OxktoWwmL+Z+Epb0Dn8/GNDYP1wnUw==}
    dev: true

  /unist-util-is/4.1.0:
    resolution: {integrity: sha512-ZOQSsnce92GrxSqlnEEseX0gi7GH9zTJZ0p9dtu87WRb/37mMPO2Ilx1s/t9vBHrFhbgweUwb+t7cIn5dxPhZg==}
    dev: true

  /unist-util-is/5.1.0:
    resolution: {integrity: sha512-pWspZ+AvTqYbC+xWeRmzGqbcY8Na08Eowlfs2xchWTYot8vBBAq+syrE/LWS0bw1D/JOu4lwzDbEb6Mz13tK+g==}

  /unist-util-position/3.1.0:
    resolution: {integrity: sha512-w+PkwCbYSFw8vpgWD0v7zRCl1FpY3fjDSQ3/N/wNd9Ffa4gPi8+4keqt99N3XW6F99t/mUzp2xAhNmfKWp95QA==}
    dev: true

  /unist-util-position/4.0.1:
    resolution: {integrity: sha512-mgy/zI9fQ2HlbOtTdr2w9lhVaiFUHWQnZrFF2EUoVOqtAUdzqMtNiD99qA5a1IcjWVR8O6aVYE9u7Z2z1v0SQA==}
    dev: true

  /unist-util-stringify-position/2.0.3:
    resolution: {integrity: sha512-3faScn5I+hy9VleOq/qNbAd6pAx7iH5jYBMS9I1HgQVijz/4mv5Bvw5iw1sC/90CODiKo81G/ps8AJrISn687g==}
    dependencies:
      '@types/unist': 2.0.5
    dev: true

  /unist-util-visit-parents/3.1.1:
    resolution: {integrity: sha512-1KROIZWo6bcMrZEwiH2UrXDyalAa0uqzWCxCJj6lPOvTve2WkfgCytoDTPaMnodXh1WrXOq0haVYHj99ynJlsg==}
    dependencies:
      '@types/unist': 2.0.5
      unist-util-is: 4.1.0
    dev: true

  /unist-util-visit-parents/4.1.1:
    resolution: {integrity: sha512-1xAFJXAKpnnJl8G7K5KgU7FY55y3GcLIXqkzUj5QF/QVP7biUm0K0O2oqVkYsdjzJKifYeWn9+o6piAK2hGSHw==}
    dependencies:
      '@types/unist': 2.0.5
      unist-util-is: 5.1.0

  /unist-util-visit/2.0.3:
    resolution: {integrity: sha512-iJ4/RczbJMkD0712mGktuGpm/U4By4FfDonL7N/9tATGIF4imikjOuagyMY53tnZq3NP6BcmlrHhEKAfGWjh7Q==}
    dependencies:
      '@types/unist': 2.0.5
      unist-util-is: 4.1.0
      unist-util-visit-parents: 3.1.1
    dev: true

  /unist-util-visit/3.1.0:
    resolution: {integrity: sha512-Szoh+R/Ll68QWAyQyZZpQzZQm2UPbxibDvaY8Xc9SUtYgPsDzx5AWSk++UUt2hJuow8mvwR+rG+LQLw+KsuAKA==}
    dependencies:
      '@types/unist': 2.0.5
      unist-util-is: 5.1.0
      unist-util-visit-parents: 4.1.1

  /util-deprecate/1.0.2:
    resolution: {integrity: sha1-RQ1Nyfpw3nMnYvvS1KKJgUGaDM8=}
    dev: true

  /vfile-message/2.0.4:
    resolution: {integrity: sha512-DjssxRGkMvifUOJre00juHoP9DPWuzjxKuMDrhNbk2TdaYYBNMStsNhEOt3idrtI12VQYM/1+iM0KOzXi4pxwQ==}
    dependencies:
      '@types/unist': 2.0.5
      unist-util-stringify-position: 2.0.3
    dev: true

  /vfile/4.2.1:
    resolution: {integrity: sha512-O6AE4OskCG5S1emQ/4gl8zK586RqA3srz3nfK/Viy0UPToBc5Trp9BVFb1u0CjsKrAWwnpr4ifM/KBXPWwJbCA==}
    dependencies:
      '@types/unist': 2.0.5
      is-buffer: 2.0.5
      unist-util-stringify-position: 2.0.3
      vfile-message: 2.0.4
    dev: true

  /xtend/4.0.2:
    resolution: {integrity: sha512-LKYU1iAXJXUgAXn9URjiu+MWhyUXHsvfp7mcuYm9dSUKK0/CjtrUwFAxD82/mCWbtLsGjFIad0wIsod4zrTAEQ==}
    engines: {node: '>=0.4'}
    dev: true

  /zwitch/1.0.5:
    resolution: {integrity: sha512-V50KMwwzqJV0NpZIZFwfOD5/lyny3WlSzRiXgA0G7VUnRlqttta1L6UQIHzd6EuBY/cHGfwTIck7w1yH6Q5zUw==}
    dev: true
